
Microsoft Visual Studio Solution File, Format Version 12.00
Project("{2150E333-8FDC-42A3-9474-1A3956D46DE8}") = "src", "src", "{5657BD7B-2969-4E56-8B1A-6F63AB256A28}"
EndProject
Project("{2150E333-8FDC-42A3-9474-1A3956D46DE8}") = "tests", "tests", "{5FA614DC-2A7B-42C7-B335-AEC673ACD523}"
EndProject
Project("{FAE04EC0-301F-11D3-BF4B-00C04F79EFBC}") = "PostIt.Domain.Tests", "tests\PostIt.Domain.Tests\PostIt.Domain.Tests.csproj", "{6A208DFF-EAF2-4A09-B040-22E47A62554F}"
EndProject
Project("{2150E333-8FDC-42A3-9474-1A3956D46DE8}") = "localhost", "localhost", "{C6079579-4B84-457C-AF48-3A1865C6DBF2}"
	ProjectSection(SolutionItems) = preProject
		localhost\docker-compose.yml = localhost\docker-compose.yml
		localhost\Dockerfile = localhost\Dockerfile
	EndProjectSection
EndProject
Project("{2150E333-8FDC-42A3-9474-1A3956D46DE8}") = "PostIt", "PostIt", "{A0DA8A65-8FA0-4838-99DA-44F3102660DD}"
EndProject
Project("{FAE04EC0-301F-11D3-BF4B-00C04F79EFBC}") = "Hosts", "src\PostIt\Hosts\Hosts.csproj", "{D2DF6821-F8C7-4772-BC23-E14BD5841836}"
EndProject
Project("{FAE04EC0-301F-11D3-BF4B-00C04F79EFBC}") = "Domain", "src\PostIt\Domain\Domain.csproj", "{44AD78A9-C943-485D-8B90-7452A72BDDF5}"
EndProject
Project("{FAE04EC0-301F-11D3-BF4B-00C04F79EFBC}") = "Infrastructure", "src\PostIt\Infrastructure\Infrastructure.csproj", "{C5645F84-07D0-430C-873C-0A028A042604}"
EndProject
Project("{FAE04EC0-301F-11D3-BF4B-00C04F79EFBC}") = "Application", "src\PostIt\Application\Application.csproj", "{F49C3207-8C7E-430D-BE29-3C0A3E6694A6}"
EndProject
Project("{FAE04EC0-301F-11D3-BF4B-00C04F79EFBC}") = "Contracts", "src\PostIt\Contracts\Contracts.csproj", "{F06DB63F-B17D-47DD-B532-7A15EF3B1562}"
EndProject
Project("{FAE04EC0-301F-11D3-BF4B-00C04F79EFBC}") = "Migrations", "src\PostIt\Migrations\Migrations.csproj", "{3F86838C-0574-4428-AF8E-B6DAEBE4BF22}"
EndProject
Project("{FAE04EC0-301F-11D3-BF4B-00C04F79EFBC}") = "Common", "src\PostIt\Common\Common.csproj", "{41D63CA3-0506-4262-9C77-115878D1C862}"
EndProject
Global
	GlobalSection(SolutionConfigurationPlatforms) = preSolution
		Debug|Any CPU = Debug|Any CPU
		Release|Any CPU = Release|Any CPU
	EndGlobalSection
	GlobalSection(NestedProjects) = preSolution
		{6A208DFF-EAF2-4A09-B040-22E47A62554F} = {5FA614DC-2A7B-42C7-B335-AEC673ACD523}
		{A0DA8A65-8FA0-4838-99DA-44F3102660DD} = {5657BD7B-2969-4E56-8B1A-6F63AB256A28}
		{D2DF6821-F8C7-4772-BC23-E14BD5841836} = {A0DA8A65-8FA0-4838-99DA-44F3102660DD}
		{44AD78A9-C943-485D-8B90-7452A72BDDF5} = {A0DA8A65-8FA0-4838-99DA-44F3102660DD}
		{C5645F84-07D0-430C-873C-0A028A042604} = {A0DA8A65-8FA0-4838-99DA-44F3102660DD}
		{F49C3207-8C7E-430D-BE29-3C0A3E6694A6} = {A0DA8A65-8FA0-4838-99DA-44F3102660DD}
		{F06DB63F-B17D-47DD-B532-7A15EF3B1562} = {A0DA8A65-8FA0-4838-99DA-44F3102660DD}
		{3F86838C-0574-4428-AF8E-B6DAEBE4BF22} = {A0DA8A65-8FA0-4838-99DA-44F3102660DD}
		{41D63CA3-0506-4262-9C77-115878D1C862} = {A0DA8A65-8FA0-4838-99DA-44F3102660DD}
	EndGlobalSection
	GlobalSection(ProjectConfigurationPlatforms) = postSolution
		{6A208DFF-EAF2-4A09-B040-22E47A62554F}.Debug|Any CPU.ActiveCfg = Debug|Any CPU
		{6A208DFF-EAF2-4A09-B040-22E47A62554F}.Debug|Any CPU.Build.0 = Debug|Any CPU
		{6A208DFF-EAF2-4A09-B040-22E47A62554F}.Release|Any CPU.ActiveCfg = Release|Any CPU
		{6A208DFF-EAF2-4A09-B040-22E47A62554F}.Release|Any CPU.Build.0 = Release|Any CPU
		{D2DF6821-F8C7-4772-BC23-E14BD5841836}.Debug|Any CPU.ActiveCfg = Debug|Any CPU
		{D2DF6821-F8C7-4772-BC23-E14BD5841836}.Debug|Any CPU.Build.0 = Debug|Any CPU
		{D2DF6821-F8C7-4772-BC23-E14BD5841836}.Release|Any CPU.ActiveCfg = Release|Any CPU
		{D2DF6821-F8C7-4772-BC23-E14BD5841836}.Release|Any CPU.Build.0 = Release|Any CPU
		{44AD78A9-C943-485D-8B90-7452A72BDDF5}.Debug|Any CPU.ActiveCfg = Debug|Any CPU
		{44AD78A9-C943-485D-8B90-7452A72BDDF5}.Debug|Any CPU.Build.0 = Debug|Any CPU
		{44AD78A9-C943-485D-8B90-7452A72BDDF5}.Release|Any CPU.ActiveCfg = Release|Any CPU
		{44AD78A9-C943-485D-8B90-7452A72BDDF5}.Release|Any CPU.Build.0 = Release|Any CPU
		{C5645F84-07D0-430C-873C-0A028A042604}.Debug|Any CPU.ActiveCfg = Debug|Any CPU
		{C5645F84-07D0-430C-873C-0A028A042604}.Debug|Any CPU.Build.0 = Debug|Any CPU
		{C5645F84-07D0-430C-873C-0A028A042604}.Release|Any CPU.ActiveCfg = Release|Any CPU
		{C5645F84-07D0-430C-873C-0A028A042604}.Release|Any CPU.Build.0 = Release|Any CPU
		{F49C3207-8C7E-430D-BE29-3C0A3E6694A6}.Debug|Any CPU.ActiveCfg = Debug|Any CPU
		{F49C3207-8C7E-430D-BE29-3C0A3E6694A6}.Debug|Any CPU.Build.0 = Debug|Any CPU
		{F49C3207-8C7E-430D-BE29-3C0A3E6694A6}.Release|Any CPU.ActiveCfg = Release|Any CPU
		{F49C3207-8C7E-430D-BE29-3C0A3E6694A6}.Release|Any CPU.Build.0 = Release|Any CPU
		{F06DB63F-B17D-47DD-B532-7A15EF3B1562}.Debug|Any CPU.ActiveCfg = Debug|Any CPU
		{F06DB63F-B17D-47DD-B532-7A15EF3B1562}.Debug|Any CPU.Build.0 = Debug|Any CPU
		{F06DB63F-B17D-47DD-B532-7A15EF3B1562}.Release|Any CPU.ActiveCfg = Release|Any CPU
		{F06DB63F-B17D-47DD-B532-7A15EF3B1562}.Release|Any CPU.Build.0 = Release|Any CPU
		{3F86838C-0574-4428-AF8E-B6DAEBE4BF22}.Debug|Any CPU.ActiveCfg = Debug|Any CPU
		{3F86838C-0574-4428-AF8E-B6DAEBE4BF22}.Debug|Any CPU.Build.0 = Debug|Any CPU
		{3F86838C-0574-4428-AF8E-B6DAEBE4BF22}.Release|Any CPU.ActiveCfg = Release|Any CPU
		{3F86838C-0574-4428-AF8E-B6DAEBE4BF22}.Release|Any CPU.Build.0 = Release|Any CPU
		{41D63CA3-0506-4262-9C77-115878D1C862}.Debug|Any CPU.ActiveCfg = Debug|Any CPU
		{41D63CA3-0506-4262-9C77-115878D1C862}.Debug|Any CPU.Build.0 = Debug|Any CPU
		{41D63CA3-0506-4262-9C77-115878D1C862}.Release|Any CPU.ActiveCfg = Release|Any CPU
		{41D63CA3-0506-4262-9C77-115878D1C862}.Release|Any CPU.Build.0 = Release|Any CPU
	EndGlobalSection
EndGlobal
