
Microsoft Visual Studio Solution File, Format Version 12.00
# Visual Studio Version 17
VisualStudioVersion = 17.12.35527.113 d17.12
MinimumVisualStudioVersion = 10.0.40219.1
Project("{2150E333-8FDC-42A3-9474-1A3956D46DE8}") = "PostIt", "PostIt", "{85E94A02-89DB-422B-ABF6-FF840A8ED7EB}"
EndProject
Project("{FAE04EC0-301F-11D3-BF4B-00C04F79EFBC}") = "Application", "PostIt\Application\Application.csproj", "{33C5FA78-077F-4B33-B243-791A8146130B}"
EndProject
Project("{FAE04EC0-301F-11D3-BF4B-00C04F79EFBC}") = "Common", "PostIt\Common\Common.csproj", "{193729D8-315B-4861-A96A-413811C15584}"
EndProject
Project("{FAE04EC0-301F-11D3-BF4B-00C04F79EFBC}") = "Contracts", "PostIt\Contracts\Contracts.csproj", "{470B99BE-CE29-43B8-9B73-37A3A53834F8}"
EndProject
Project("{FAE04EC0-301F-11D3-BF4B-00C04F79EFBC}") = "Domain", "PostIt\Domain\Domain.csproj", "{BA7653EE-C4AD-47E5-B39A-5FB1142B06AE}"
EndProject
Project("{FAE04EC0-301F-11D3-BF4B-00C04F79EFBC}") = "Infrastructure", "PostIt\Infrastructure\Infrastructure.csproj", "{21DDAC18-EC65-4CEB-BC07-E739F2AC41DC}"
EndProject
Project("{FAE04EC0-301F-11D3-BF4B-00C04F79EFBC}") = "Migrations", "PostIt\Migrations\Migrations.csproj", "{4AA1C4EC-16B6-4CEA-839F-E56969E54FE1}"
EndProject
Project("{FAE04EC0-301F-11D3-BF4B-00C04F79EFBC}") = "Tests", "PostIt\Tests\Tests.csproj", "{90AB2AE3-FC54-43EF-8003-DB20F26D83CF}"
EndProject
Project("{FAE04EC0-301F-11D3-BF4B-00C04F79EFBC}") = "Hosts", "PostIt\Hosts\Hosts.csproj", "{25BCA0E5-A03D-4018-AED5-894DDFA26068}"
EndProject
Global
	GlobalSection(SolutionConfigurationPlatforms) = preSolution
		Debug|Any CPU = Debug|Any CPU
		Release|Any CPU = Release|Any CPU
	EndGlobalSection
	GlobalSection(ProjectConfigurationPlatforms) = postSolution
		{33C5FA78-077F-4B33-B243-791A8146130B}.Debug|Any CPU.ActiveCfg = Debug|Any CPU
		{33C5FA78-077F-4B33-B243-791A8146130B}.Debug|Any CPU.Build.0 = Debug|Any CPU
		{33C5FA78-077F-4B33-B243-791A8146130B}.Release|Any CPU.ActiveCfg = Release|Any CPU
		{33C5FA78-077F-4B33-B243-791A8146130B}.Release|Any CPU.Build.0 = Release|Any CPU
		{193729D8-315B-4861-A96A-413811C15584}.Debug|Any CPU.ActiveCfg = Debug|Any CPU
		{193729D8-315B-4861-A96A-413811C15584}.Debug|Any CPU.Build.0 = Debug|Any CPU
		{193729D8-315B-4861-A96A-413811C15584}.Release|Any CPU.ActiveCfg = Release|Any CPU
		{193729D8-315B-4861-A96A-413811C15584}.Release|Any CPU.Build.0 = Release|Any CPU
		{470B99BE-CE29-43B8-9B73-37A3A53834F8}.Debug|Any CPU.ActiveCfg = Debug|Any CPU
		{470B99BE-CE29-43B8-9B73-37A3A53834F8}.Debug|Any CPU.Build.0 = Debug|Any CPU
		{470B99BE-CE29-43B8-9B73-37A3A53834F8}.Release|Any CPU.ActiveCfg = Release|Any CPU
		{470B99BE-CE29-43B8-9B73-37A3A53834F8}.Release|Any CPU.Build.0 = Release|Any CPU
		{BA7653EE-C4AD-47E5-B39A-5FB1142B06AE}.Debug|Any CPU.ActiveCfg = Debug|Any CPU
		{BA7653EE-C4AD-47E5-B39A-5FB1142B06AE}.Debug|Any CPU.Build.0 = Debug|Any CPU
		{BA7653EE-C4AD-47E5-B39A-5FB1142B06AE}.Release|Any CPU.ActiveCfg = Release|Any CPU
		{BA7653EE-C4AD-47E5-B39A-5FB1142B06AE}.Release|Any CPU.Build.0 = Release|Any CPU
		{21DDAC18-EC65-4CEB-BC07-E739F2AC41DC}.Debug|Any CPU.ActiveCfg = Debug|Any CPU
		{21DDAC18-EC65-4CEB-BC07-E739F2AC41DC}.Debug|Any CPU.Build.0 = Debug|Any CPU
		{21DDAC18-EC65-4CEB-BC07-E739F2AC41DC}.Release|Any CPU.ActiveCfg = Release|Any CPU
		{21DDAC18-EC65-4CEB-BC07-E739F2AC41DC}.Release|Any CPU.Build.0 = Release|Any CPU
		{4AA1C4EC-16B6-4CEA-839F-E56969E54FE1}.Debug|Any CPU.ActiveCfg = Debug|Any CPU
		{4AA1C4EC-16B6-4CEA-839F-E56969E54FE1}.Debug|Any CPU.Build.0 = Debug|Any CPU
		{4AA1C4EC-16B6-4CEA-839F-E56969E54FE1}.Release|Any CPU.ActiveCfg = Release|Any CPU
		{4AA1C4EC-16B6-4CEA-839F-E56969E54FE1}.Release|Any CPU.Build.0 = Release|Any CPU
		{90AB2AE3-FC54-43EF-8003-DB20F26D83CF}.Debug|Any CPU.ActiveCfg = Debug|Any CPU
		{90AB2AE3-FC54-43EF-8003-DB20F26D83CF}.Debug|Any CPU.Build.0 = Debug|Any CPU
		{90AB2AE3-FC54-43EF-8003-DB20F26D83CF}.Release|Any CPU.ActiveCfg = Release|Any CPU
		{90AB2AE3-FC54-43EF-8003-DB20F26D83CF}.Release|Any CPU.Build.0 = Release|Any CPU
		{25BCA0E5-A03D-4018-AED5-894DDFA26068}.Debug|Any CPU.ActiveCfg = Debug|Any CPU
		{25BCA0E5-A03D-4018-AED5-894DDFA26068}.Debug|Any CPU.Build.0 = Debug|Any CPU
		{25BCA0E5-A03D-4018-AED5-894DDFA26068}.Release|Any CPU.ActiveCfg = Release|Any CPU
		{25BCA0E5-A03D-4018-AED5-894DDFA26068}.Release|Any CPU.Build.0 = Release|Any CPU
	EndGlobalSection
	GlobalSection(SolutionProperties) = preSolution
		HideSolutionNode = FALSE
	EndGlobalSection
	GlobalSection(NestedProjects) = preSolution
		{33C5FA78-077F-4B33-B243-791A8146130B} = {85E94A02-89DB-422B-ABF6-FF840A8ED7EB}
		{193729D8-315B-4861-A96A-413811C15584} = {85E94A02-89DB-422B-ABF6-FF840A8ED7EB}
		{470B99BE-CE29-43B8-9B73-37A3A53834F8} = {85E94A02-89DB-422B-ABF6-FF840A8ED7EB}
		{BA7653EE-C4AD-47E5-B39A-5FB1142B06AE} = {85E94A02-89DB-422B-ABF6-FF840A8ED7EB}
		{21DDAC18-EC65-4CEB-BC07-E739F2AC41DC} = {85E94A02-89DB-422B-ABF6-FF840A8ED7EB}
		{4AA1C4EC-16B6-4CEA-839F-E56969E54FE1} = {85E94A02-89DB-422B-ABF6-FF840A8ED7EB}
		{90AB2AE3-FC54-43EF-8003-DB20F26D83CF} = {85E94A02-89DB-422B-ABF6-FF840A8ED7EB}
		{25BCA0E5-A03D-4018-AED5-894DDFA26068} = {85E94A02-89DB-422B-ABF6-FF840A8ED7EB}
	EndGlobalSection
EndGlobal
